
Microsoft Visual Studio Solution File, Format Version 12.00
# Visual Studio Version 16
VisualStudioVersion = 25.0.1706.6
MinimumVisualStudioVersion = 10.0.40219.1
Project("{FAE04EC0-301F-11D3-BF4B-00C04F79EFBC}") = "villa", "villa\villa.csproj", "{6628B5B8-C7F0-49D3-935C-76B552C8CC7F}"
EndProject
Project("{FAE04EC0-301F-11D3-BF4B-00C04F79EFBC}") = "villa_web", "villa_web\villa_web.csproj", "{53135859-4915-4655-9EE2-E2FB9A3F61C4}"
EndProject
Project("{FAE04EC0-301F-11D3-BF4B-00C04F79EFBC}") = "MagicVilla_Utility", "MagicVilla_Utility\MagicVilla_Utility.csproj", "{C9FCD7D3-C801-4526-8594-24A4CD3619B5}"
EndProject
Project("{FAE04EC0-301F-11D3-BF4B-00C04F79EFBC}") = "angular", "angular\angular.csproj", "{DE245C05-3175-4648-A35D-820BA283F451}"
EndProject
Global
	GlobalSection(SolutionConfigurationPlatforms) = preSolution
		Debug|Any CPU = Debug|Any CPU
		Release|Any CPU = Release|Any CPU
	EndGlobalSection
	GlobalSection(ProjectConfigurationPlatforms) = postSolution
		{6628B5B8-C7F0-49D3-935C-76B552C8CC7F}.Debug|Any CPU.ActiveCfg = Debug|Any CPU
		{6628B5B8-C7F0-49D3-935C-76B552C8CC7F}.Debug|Any CPU.Build.0 = Debug|Any CPU
		{6628B5B8-C7F0-49D3-935C-76B552C8CC7F}.Release|Any CPU.ActiveCfg = Release|Any CPU
		{6628B5B8-C7F0-49D3-935C-76B552C8CC7F}.Release|Any CPU.Build.0 = Release|Any CPU
		{53135859-4915-4655-9EE2-E2FB9A3F61C4}.Debug|Any CPU.ActiveCfg = Debug|Any CPU
		{53135859-4915-4655-9EE2-E2FB9A3F61C4}.Debug|Any CPU.Build.0 = Debug|Any CPU
		{53135859-4915-4655-9EE2-E2FB9A3F61C4}.Release|Any CPU.ActiveCfg = Release|Any CPU
		{53135859-4915-4655-9EE2-E2FB9A3F61C4}.Release|Any CPU.Build.0 = Release|Any CPU
		{C9FCD7D3-C801-4526-8594-24A4CD3619B5}.Debug|Any CPU.ActiveCfg = Debug|Any CPU
		{C9FCD7D3-C801-4526-8594-24A4CD3619B5}.Debug|Any CPU.Build.0 = Debug|Any CPU
		{C9FCD7D3-C801-4526-8594-24A4CD3619B5}.Release|Any CPU.ActiveCfg = Release|Any CPU
		{C9FCD7D3-C801-4526-8594-24A4CD3619B5}.Release|Any CPU.Build.0 = Release|Any CPU
		{DE245C05-3175-4648-A35D-820BA283F451}.Debug|Any CPU.ActiveCfg = Debug|Any CPU
		{DE245C05-3175-4648-A35D-820BA283F451}.Debug|Any CPU.Build.0 = Debug|Any CPU
		{DE245C05-3175-4648-A35D-820BA283F451}.Release|Any CPU.ActiveCfg = Release|Any CPU
		{DE245C05-3175-4648-A35D-820BA283F451}.Release|Any CPU.Build.0 = Release|Any CPU
	EndGlobalSection
	GlobalSection(SolutionProperties) = preSolution
		HideSolutionNode = FALSE
	EndGlobalSection
	GlobalSection(ExtensibilityGlobals) = postSolution
		SolutionGuid = {A7F26B77-7443-42B1-958A-F38B86C334F2}
	EndGlobalSection
EndGlobal
